{
  "lockfileVersion": 1,
  "configVersion": 1,
  "workspaces": {
    "": {
      "name": "shared-context-engineering",
      "dependencies": {
        "@opencode-ai/sdk": "^1.2.6",
        "opencode-ai": "^1.2.6",
      },
      "devDependencies": {
        "@types/bun": "latest",
      },
      "peerDependencies": {
        "typescript": "^5",
      },
    },
  },
  "packages": {
    "@opencode-ai/sdk": ["@opencode-ai/sdk@1.2.6", "", {}, "sha512-dWMF8Aku4h7fh8sw5tQ2FtbqRLbIFT8FcsukpxTird49ax7oUXP+gzqxM/VdxHjfksQvzLBjLZyMdDStc5g7xA=="],

    "@types/bun": ["@types/bun@1.3.9", "", { "dependencies": { "bun-types": "1.3.9" } }, "sha512-KQ571yULOdWJiMH+RIWIOZ7B2RXQGpL1YQrBtLIV3FqDcCu6FsbFUBwhdKUlCKUpS3PJDsHlJ1QKlpxoVR+xtw=="],

    "@types/node": ["@types/node@25.2.3", "", { "dependencies": { "undici-types": "~7.16.0" } }, "sha512-m0jEgYlYz+mDJZ2+F4v8D1AyQb+QzsNqRuI7xg1VQX/KlKS0qT9r1Mo16yo5F/MtifXFgaofIFsdFMox2SxIbQ=="],

    "bun-types": ["bun-types@1.3.9", "", { "dependencies": { "@types/node": "*" } }, "sha512-+UBWWOakIP4Tswh0Bt0QD0alpTY8cb5hvgiYeWCMet9YukHbzuruIEeXC2D7nMJPB12kbh8C7XJykSexEqGKJg=="],

    "opencode-ai": ["opencode-ai@1.2.6", "", { "optionalDependencies": { "opencode-darwin-arm64": "1.2.6", "opencode-darwin-x64": "1.2.6", "opencode-darwin-x64-baseline": "1.2.6", "opencode-linux-arm64": "1.2.6", "opencode-linux-arm64-musl": "1.2.6", "opencode-linux-x64": "1.2.6", "opencode-linux-x64-baseline": "1.2.6", "opencode-linux-x64-baseline-musl": "1.2.6", "opencode-linux-x64-musl": "1.2.6", "opencode-windows-x64": "1.2.6", "opencode-windows-x64-baseline": "1.2.6" }, "bin": { "opencode": "bin/opencode" } }, "sha512-50leGrfFGrL8hr/iCs/nDr9kHNtNV7X3NMi3EedTj4R6l8yLvB2KZUQHQFOvR0tjfEBm6OqkLu5rw5JSAt8YZg=="],

    "opencode-darwin-arm64": ["opencode-darwin-arm64@1.2.6", "", { "os": "darwin", "cpu": "arm64" }, "sha512-v5/Qs2vHAb1J/cMwQ13jTMiDPsEnf1bH+AvQYNlsLNFQbDtWc2gc9FJcXqva0/lhI+aVo2X/Z45E6ZfGE3ffDA=="],

    "opencode-darwin-x64": ["opencode-darwin-x64@1.2.6", "", { "os": "darwin", "cpu": "x64" }, "sha512-fyk1Y2+M7n0OC7ANAZKXYjJ7o4SdBmgDi2lxoWfixUcx+hauGhQoSmDSl047QMhbVUMYT0/GrJ0Wz/VpaKQG7A=="],

    "opencode-darwin-x64-baseline": ["opencode-darwin-x64-baseline@1.2.6", "", { "os": "darwin", "cpu": "x64" }, "sha512-4EkBCNhr9ukVf8BYjBqPbWy4OyFLGeRDkM/Jtemu6/+2GoQfOvYeedGoixx6WSdgIF9XcqQAltHuP09Uq2+wgg=="],

    "opencode-linux-arm64": ["opencode-linux-arm64@1.2.6", "", { "os": "linux", "cpu": "arm64" }, "sha512-kOAc+NJ8QnUb/GpZHCoPuWrUVIG57pXzrpvAW+htjmwMyCR340YMRraXkTxBf5V3dn9mE8JEO2SG1YuVS04WMA=="],

    "opencode-linux-arm64-musl": ["opencode-linux-arm64-musl@1.2.6", "", { "os": "linux", "cpu": "arm64" }, "sha512-rLW65R+omO/lYGQdIhekPpasX6BF1RNHZbJOrt9p13/bp39J6Iqu6z4WQmZbGVrBwhRcozwZAeFBq+dbptXlYQ=="],

    "opencode-linux-x64": ["opencode-linux-x64@1.2.6", "", { "os": "linux", "cpu": "x64" }, "sha512-jj1V1Za2UgnHlXJ51z5curhn+dVbYBso3jZ/yAztDrg/WpRmjBHlFfNFXjDTr1Ojz2MLXqhJxz+LZrIhmpvcUA=="],

    "opencode-linux-x64-baseline": ["opencode-linux-x64-baseline@1.2.6", "", { "os": "linux", "cpu": "x64" }, "sha512-ioXDyYWmEs+Lo0ssZUTpwbg5mBPh/deDo+KgvFqB4UowJT5A9hEafEs4ke6vlZccynXefz7AUNc+Ts3rAcz7SA=="],

    "opencode-linux-x64-baseline-musl": ["opencode-linux-x64-baseline-musl@1.2.6", "", { "os": "linux", "cpu": "x64" }, "sha512-rQtKOrcop3hAPJW7Djuq2DdhdxBH9Fb/DWwKI4mgK2Z0e5Bspselan+1lnD6ucD9JWGSCa9OItWKxqVRnBFPOQ=="],

    "opencode-linux-x64-musl": ["opencode-linux-x64-musl@1.2.6", "", { "os": "linux", "cpu": "x64" }, "sha512-6OWPagHeOxOf0X/Rjp4W8bZzxtPARJj41WelqU4wSeWgYA3uoGKuAzd8TJUAwQH3H61TWdPxMrp+wRY77RX2Sg=="],

    "opencode-windows-x64": ["opencode-windows-x64@1.2.6", "", { "os": "win32", "cpu": "x64" }, "sha512-tac0/9dINr3rUctYOSXaofL1TGenR8E8pipxyL07vGh/DxqI7ZXcY/RTryeannIt1LGCo8Lf+dYbzGuJKL4AaQ=="],

    "opencode-windows-x64-baseline": ["opencode-windows-x64-baseline@1.2.6", "", { "os": "win32", "cpu": "x64" }, "sha512-0kaVc+6CAA4qxtI/FA0JdskAF7DOdcZcxyyOEduKQwengwWQaiUi076AXCjQ9COMVPxo+99QodMG2Lt06d691A=="],

    "typescript": ["typescript@5.9.3", "", { "bin": { "tsc": "bin/tsc", "tsserver": "bin/tsserver" } }, "sha512-jl1vZzPDinLr9eUt3J/t7V6FgNEw9QjvBPdysz9KfQDD41fQrC2Y4vKQdiaUpFT4bXlb1RHhLpp8wtm6M5TgSw=="],

    "undici-types": ["undici-types@7.16.0", "", {}, "sha512-Zz+aZWSj8LE6zoxD+xrjh4VfkIG8Ya6LvYkZqtUQGJPZjYl53ypCaUwWqo7eI0x66KBGeRo+mlBEkMSeSZ38Nw=="],
  }
}
